// !$*UTF8*$!
{
	archiveVersion = 1;
	classes = {
	};
	objectVersion = 50;
	objects = {

/* Begin PBXBuildFile section */
		A230706726A6F68D00162839 /* AppDelegate.m in Sources */ = {isa = PBXBuildFile; fileRef = A230706626A6F68D00162839 /* AppDelegate.m */; };
		A230706A26A6F68D00162839 /* SceneDelegate.m in Sources */ = {isa = PBXBuildFile; fileRef = A230706926A6F68D00162839 /* SceneDelegate.m */; };
		A230706D26A6F68D00162839 /* ViewController.m in Sources */ = {isa = PBXBuildFile; fileRef = A230706C26A6F68D00162839 /* ViewController.m */; };
		A230707026A6F68D00162839 /* Main.storyboard in Resources */ = {isa = PBXBuildFile; fileRef = A230706E26A6F68D00162839 /* Main.storyboard */; };
		A230707226A6F68E00162839 /* Assets.xcassets in Resources */ = {isa = PBXBuildFile; fileRef = A230707126A6F68E00162839 /* Assets.xcassets */; };
		A230707526A6F68E00162839 /* LaunchScreen.storyboard in Resources */ = {isa = PBXBuildFile; fileRef = A230707326A6F68E00162839 /* LaunchScreen.storyboard */; };
		A230707826A6F68E00162839 /* main.m in Sources */ = {isa = PBXBuildFile; fileRef = A230707726A6F68E00162839 /* main.m */; };
		A230708226A6F68E00162839 /* MyFirstAppTests.m in Sources */ = {isa = PBXBuildFile; fileRef = A230708126A6F68E00162839 /* MyFirstAppTests.m */; };
		A230708D26A6F68E00162839 /* MyFirstAppUITests.m in Sources */ = {isa = PBXBuildFile; fileRef = A230708C26A6F68E00162839 /* MyFirstAppUITests.m */; };
		A230709E26A6FE0C00162839 /* Calculator.m in Sources */ = {isa = PBXBuildFile; fileRef = A230709D26A6FE0C00162839 /* Calculator.m */; };
/* End PBXBuildFile section */

/* Begin PBXContainerItemProxy section */
		A230707E26A6F68E00162839 /* PBXContainerItemProxy */ = {
			isa = PBXContainerItemProxy;
			containerPortal = A230705A26A6F68D00162839 /* Project object */;
			proxyType = 1;
			remoteGlobalIDString = A230706126A6F68D00162839;
			remoteInfo = MyFirstApp;
		};
		A230708926A6F68E00162839 /* PBXContainerItemProxy */ = {
			isa = PBXContainerItemProxy;
			containerPortal = A230705A26A6F68D00162839 /* Project object */;
			proxyType = 1;
			remoteGlobalIDString = A230706126A6F68D00162839;
			remoteInfo = MyFirstApp;
		};
/* End PBXContainerItemProxy section */

/* Begin PBXFileReference section */
		A230706226A6F68D00162839 /* MyFirstApp.app */ = {isa = PBXFileReference; explicitFileType = wrapper.application; includeInIndex = 0; path = MyFirstApp.app; sourceTree = BUILT_PRODUCTS_DIR; };
		A230706526A6F68D00162839 /* AppDelegate.h */ = {isa = PBXFileReference; lastKnownFileType = sourcecode.c.h; path = AppDelegate.h; sourceTree = "<group>"; };
		A230706626A6F68D00162839 /* AppDelegate.m */ = {isa = PBXFileReference; lastKnownFileType = sourcecode.c.objc; path = AppDelegate.m; sourceTree = "<group>"; };
		A230706826A6F68D00162839 /* SceneDelegate.h */ = {isa = PBXFileReference; lastKnownFileType = sourcecode.c.h; path = SceneDelegate.h; sourceTree = "<group>"; };
		A230706926A6F68D00162839 /* SceneDelegate.m */ = {isa = PBXFileReference; lastKnownFileType = sourcecode.c.objc; path = SceneDelegate.m; sourceTree = "<group>"; };
		A230706B26A6F68D00162839 /* ViewController.h */ = {isa = PBXFileReference; lastKnownFileType = sourcecode.c.h; path = ViewController.h; sourceTree = "<group>"; };
		A230706C26A6F68D00162839 /* ViewController.m */ = {isa = PBXFileReference; lastKnownFileType = sourcecode.c.objc; path = ViewController.m; sourceTree = "<group>"; };
		A230706F26A6F68D00162839 /* Base */ = {isa = PBXFileReference; lastKnownFileType = file.storyboard; name = Base; path = Base.lproj/Main.storyboard; sourceTree = "<group>"; };
		A230707126A6F68E00162839 /* Assets.xcassets */ = {isa = PBXFileReference; lastKnownFileType = folder.assetcatalog; path = Assets.xcassets; sourceTree = "<group>"; };
		A230707426A6F68E00162839 /* Base */ = {isa = PBXFileReference; lastKnownFileType = file.storyboard; name = Base; path = Base.lproj/LaunchScreen.storyboard; sourceTree = "<group>"; };
		A230707626A6F68E00162839 /* Info.plist */ = {isa = PBXFileReference; lastKnownFileType = text.plist.xml; path = Info.plist; sourceTree = "<group>"; };
		A230707726A6F68E00162839 /* main.m */ = {isa = PBXFileReference; lastKnownFileType = sourcecode.c.objc; path = main.m; sourceTree = "<group>"; };
		A230707D26A6F68E00162839 /* MyFirstAppTests.xctest */ = {isa = PBXFileReference; explicitFileType = wrapper.cfbundle; includeInIndex = 0; path = MyFirstAppTests.xctest; sourceTree = BUILT_PRODUCTS_DIR; };
		A230708126A6F68E00162839 /* MyFirstAppTests.m */ = {isa = PBXFileReference; lastKnownFileType = sourcecode.c.objc; path = MyFirstAppTests.m; sourceTree = "<group>"; };
		A230708326A6F68E00162839 /* Info.plist */ = {isa = PBXFileReference; lastKnownFileType = text.plist.xml; path = Info.plist; sourceTree = "<group>"; };
		A230708826A6F68E00162839 /* MyFirstAppUITests.xctest */ = {isa = PBXFileReference; explicitFileType = wrapper.cfbundle; includeInIndex = 0; path = MyFirstAppUITests.xctest; sourceTree = BUILT_PRODUCTS_DIR; };
		A230708C26A6F68E00162839 /* MyFirstAppUITests.m */ = {isa = PBXFileReference; lastKnownFileType = sourcecode.c.objc; path = MyFirstAppUITests.m; sourceTree = "<group>"; };
		A230708E26A6F68E00162839 /* Info.plist */ = {isa = PBXFileReference; lastKnownFileType = text.plist.xml; path = Info.plist; sourceTree = "<group>"; };
		A230709C26A6FE0C00162839 /* Calculator.h */ = {isa = PBXFileReference; lastKnownFileType = sourcecode.c.h; path = Calculator.h; sourceTree = "<group>"; };
		A230709D26A6FE0C00162839 /* Calculator.m */ = {isa = PBXFileReference; lastKnownFileType = sourcecode.c.objc; path = Calculator.m; sourceTree = "<group>"; };
/* End PBXFileReference section */

/* Begin PBXFrameworksBuildPhase section */
		A230705F26A6F68D00162839 /* Frameworks */ = {
			isa = PBXFrameworksBuildPhase;
			buildActionMask = 2147483647;
			files = (
			);
			runOnlyForDeploymentPostprocessing = 0;
		};
		A230707A26A6F68E00162839 /* Frameworks */ = {
			isa = PBXFrameworksBuildPhase;
			buildActionMask = 2147483647;
			files = (
			);
			runOnlyForDeploymentPostprocessing = 0;
		};
		A230708526A6F68E00162839 /* Frameworks */ = {
			isa = PBXFrameworksBuildPhase;
			buildActionMask = 2147483647;
			files = (
			);
			runOnlyForDeploymentPostprocessing = 0;
		};
/* End PBXFrameworksBuildPhase section */

/* Begin PBXGroup section */
		A230705926A6F68D00162839 = {
			isa = PBXGroup;
			children = (
				A230706426A6F68D00162839 /* MyFirstApp */,
				A230708026A6F68E00162839 /* MyFirstAppTests */,
				A230708B26A6F68E00162839 /* MyFirstAppUITests */,
				A230706326A6F68D00162839 /* Products */,
			);
			sourceTree = "<group>";
		};
		A230706326A6F68D00162839 /* Products */ = {
			isa = PBXGroup;
			children = (
				A230706226A6F68D00162839 /* MyFirstApp.app */,
				A230707D26A6F68E00162839 /* MyFirstAppTests.xctest */,
				A230708826A6F68E00162839 /* MyFirstAppUITests.xctest */,
			);
			name = Products;
			sourceTree = "<group>";
		};
		A230706426A6F68D00162839 /* MyFirstApp */ = {
			isa = PBXGroup;
			children = (
				A230706526A6F68D00162839 /* AppDelegate.h */,
				A230706626A6F68D00162839 /* AppDelegate.m */,
				A230706826A6F68D00162839 /* SceneDelegate.h */,
				A230706926A6F68D00162839 /* SceneDelegate.m */,
				A230706B26A6F68D00162839 /* ViewController.h */,
				A230706C26A6F68D00162839 /* ViewController.m */,
				A230706E26A6F68D00162839 /* Main.storyboard */,
				A230707126A6F68E00162839 /* Assets.xcassets */,
				A230707326A6F68E00162839 /* LaunchScreen.storyboard */,
				A230707626A6F68E00162839 /* Info.plist */,
				A230707726A6F68E00162839 /* main.m */,
				A230709C26A6FE0C00162839 /* Calculator.h */,
				A230709D26A6FE0C00162839 /* Calculator.m */,
			);
			path = MyFirstApp;
			sourceTree = "<group>";
		};
		A230708026A6F68E00162839 /* MyFirstAppTests */ = {
			isa = PBXGroup;
			children = (
				A230708126A6F68E00162839 /* MyFirstAppTests.m */,
				A230708326A6F68E00162839 /* Info.plist */,
			);
			path = MyFirstAppTests;
			sourceTree = "<group>";
		};
		A230708B26A6F68E00162839 /* MyFirstAppUITests */ = {
			isa = PBXGroup;
			children = (
				A230708C26A6F68E00162839 /* MyFirstAppUITests.m */,
				A230708E26A6F68E00162839 /* Info.plist */,
			);
			path = MyFirstAppUITests;
			sourceTree = "<group>";
		};
/* End PBXGroup section */

/* Begin PBXNativeTarget section */
		A230706126A6F68D00162839 /* MyFirstApp */ = {
			isa = PBXNativeTarget;
			buildConfigurationList = A230709126A6F68E00162839 /* Build configuration list for PBXNativeTarget "MyFirstApp" */;
			buildPhases = (
				A230705E26A6F68D00162839 /* Sources */,
				A230705F26A6F68D00162839 /* Frameworks */,
				A230706026A6F68D00162839 /* Resources */,
			);
			buildRules = (
			);
			dependencies = (
			);
			name = MyFirstApp;
			productName = MyFirstApp;
			productReference = A230706226A6F68D00162839 /* MyFirstApp.app */;
			productType = "com.apple.product-type.application";
		};
		A230707C26A6F68E00162839 /* MyFirstAppTests */ = {
			isa = PBXNativeTarget;
			buildConfigurationList = A230709426A6F68E00162839 /* Build configuration list for PBXNativeTarget "MyFirstAppTests" */;
			buildPhases = (
				A230707926A6F68E00162839 /* Sources */,
				A230707A26A6F68E00162839 /* Frameworks */,
				A230707B26A6F68E00162839 /* Resources */,
			);
			buildRules = (
			);
			dependencies = (
				A230707F26A6F68E00162839 /* PBXTargetDependency */,
			);
			name = MyFirstAppTests;
			productName = MyFirstAppTests;
			productReference = A230707D26A6F68E00162839 /* MyFirstAppTests.xctest */;
			productType = "com.apple.product-type.bundle.unit-test";
		};
		A230708726A6F68E00162839 /* MyFirstAppUITests */ = {
			isa = PBXNativeTarget;
			buildConfigurationList = A230709726A6F68E00162839 /* Build configuration list for PBXNativeTarget "MyFirstAppUITests" */;
			buildPhases = (
				A230708426A6F68E00162839 /* Sources */,
				A230708526A6F68E00162839 /* Frameworks */,
				A230708626A6F68E00162839 /* Resources */,
			);
			buildRules = (
			);
			dependencies = (
				A230708A26A6F68E00162839 /* PBXTargetDependency */,
			);
			name = MyFirstAppUITests;
			productName = MyFirstAppUITests;
			productReference = A230708826A6F68E00162839 /* MyFirstAppUITests.xctest */;
			productType = "com.apple.product-type.bundle.ui-testing";
		};
/* End PBXNativeTarget section */

/* Begin PBXProject section */
		A230705A26A6F68D00162839 /* Project object */ = {
			isa = PBXProject;
			attributes = {
				LastUpgradeCheck = 1250;
				TargetAttributes = {
					A230706126A6F68D00162839 = {
						CreatedOnToolsVersion = 12.5.1;
					};
					A230707C26A6F68E00162839 = {
						CreatedOnToolsVersion = 12.5.1;
						TestTargetID = A230706126A6F68D00162839;
					};
					A230708726A6F68E00162839 = {
						CreatedOnToolsVersion = 12.5.1;
						TestTargetID = A230706126A6F68D00162839;
					};
				};
			};
			buildConfigurationList = A230705D26A6F68D00162839 /* Build configuration list for PBXProject "MyFirstApp" */;
			compatibilityVersion = "Xcode 9.3";
			developmentRegion = en;
			hasScannedForEncodings = 0;
			knownRegions = (
				en,
				Base,
			);
			mainGroup = A230705926A6F68D00162839;
			productRefGroup = A230706326A6F68D00162839 /* Products */;
			projectDirPath = "";
			projectRoot = "";
			targets = (
				A230706126A6F68D00162839 /* MyFirstApp */,
				A230707C26A6F68E00162839 /* MyFirstAppTests */,
				A230708726A6F68E00162839 /* MyFirstAppUITests */,
			);
		};
/* End PBXProject section */

/* Begin PBXResourcesBuildPhase section */
		A230706026A6F68D00162839 /* Resources */ = {
			isa = PBXResourcesBuildPhase;
			buildActionMask = 2147483647;
			files = (
				A230707526A6F68E00162839 /* LaunchScreen.storyboard in Resources */,
				A230707226A6F68E00162839 /* Assets.xcassets in Resources */,
				A230707026A6F68D00162839 /* Main.storyboard in Resources */,
			);
			runOnlyForDeploymentPostprocessing = 0;
		};
		A230707B26A6F68E00162839 /* Resources */ = {
			isa = PBXResourcesBuildPhase;
			buildActionMask = 2147483647;
			files = (
			);
			runOnlyForDeploymentPostprocessing = 0;
		};
		A230708626A6F68E00162839 /* Resources */ = {
			isa = PBXResourcesBuildPhase;
			buildActionMask = 2147483647;
			files = (
			);
			runOnlyForDeploymentPostprocessing = 0;
		};
/* End PBXResourcesBuildPhase section */

/* Begin PBXSourcesBuildPhase section */
		A230705E26A6F68D00162839 /* Sources */ = {
			isa = PBXSourcesBuildPhase;
			buildActionMask = 2147483647;
			files = (
				A230706D26A6F68D00162839 /* ViewController.m in Sources */,
				A230706726A6F68D00162839 /* AppDelegate.m in Sources */,
				A230709E26A6FE0C00162839 /* Calculator.m in Sources */,
				A230707826A6F68E00162839 /* main.m in Sources */,
				A230706A26A6F68D00162839 /* SceneDelegate.m in Sources */,
			);
			runOnlyForDeploymentPostprocessing = 0;
		};
		A230707926A6F68E00162839 /* Sources */ = {
			isa = PBXSourcesBuildPhase;
			buildActionMask = 2147483647;
			files = (
				A230708226A6F68E00162839 /* MyFirstAppTests.m in Sources */,
			);
			runOnlyForDeploymentPostprocessing = 0;
		};
		A230708426A6F68E00162839 /* Sources */ = {
			isa = PBXSourcesBuildPhase;
			buildActionMask = 2147483647;
			files = (
				A230708D26A6F68E00162839 /* MyFirstAppUITests.m in Sources */,
			);
			runOnlyForDeploymentPostprocessing = 0;
		};
/* End PBXSourcesBuildPhase section */

/* Begin PBXTargetDependency section */
		A230707F26A6F68E00162839 /* PBXTargetDependency */ = {
			isa = PBXTargetDependency;
			target = A230706126A6F68D00162839 /* MyFirstApp */;
			targetProxy = A230707E26A6F68E00162839 /* PBXContainerItemProxy */;
		};
		A230708A26A6F68E00162839 /* PBXTargetDependency */ = {
			isa = PBXTargetDependency;
			target = A230706126A6F68D00162839 /* MyFirstApp */;
			targetProxy = A230708926A6F68E00162839 /* PBXContainerItemProxy */;
		};
/* End PBXTargetDependency section */

/* Begin PBXVariantGroup section */
		A230706E26A6F68D00162839 /* Main.storyboard */ = {
			isa = PBXVariantGroup;
			children = (
				A230706F26A6F68D00162839 /* Base */,
			);
			name = Main.storyboard;
			sourceTree = "<group>";
		};
		A230707326A6F68E00162839 /* LaunchScreen.storyboard */ = {
			isa = PBXVariantGroup;
			children = (
				A230707426A6F68E00162839 /* Base */,
			);
			name = LaunchScreen.storyboard;
			sourceTree = "<group>";
		};
/* End PBXVariantGroup section */

/* Begin XCBuildConfiguration section */
		A230708F26A6F68E00162839 /* Debug */ = {
			isa = XCBuildConfiguration;
			buildSettings = {
				ALWAYS_SEARCH_USER_PATHS = NO;
				CLANG_ANALYZER_NONNULL = YES;
				CLANG_ANALYZER_NUMBER_OBJECT_CONVERSION = YES_AGGRESSIVE;
				CLANG_CXX_LANGUAGE_STANDARD = "gnu++14";
				CLANG_CXX_LIBRARY = "libc++";
				CLANG_ENABLE_MODULES = YES;
				CLANG_ENABLE_OBJC_ARC = YES;
				CLANG_ENABLE_OBJC_WEAK = YES;
				CLANG_WARN_BLOCK_CAPTURE_AUTORELEASING = YES;
				CLANG_WARN_BOOL_CONVERSION = YES;
				CLANG_WARN_COMMA = YES;
				CLANG_WARN_CONSTANT_CONVERSION = YES;
				CLANG_WARN_DEPRECATED_OBJC_IMPLEMENTATIONS = YES;
				CLANG_WARN_DIRECT_OBJC_ISA_USAGE = YES_ERROR;
				CLANG_WARN_DOCUMENTATION_COMMENTS = YES;
				CLANG_WARN_EMPTY_BODY = YES;
				CLANG_WARN_ENUM_CONVERSION = YES;
				CLANG_WARN_INFINITE_RECURSION = YES;
				CLANG_WARN_INT_CONVERSION = YES;
				CLANG_WARN_NON_LITERAL_NULL_CONVERSION = YES;
				CLANG_WARN_OBJC_IMPLICIT_RETAIN_SELF = YES;
				CLANG_WARN_OBJC_LITERAL_CONVERSION = YES;
				CLANG_WARN_OBJC_ROOT_CLASS = YES_ERROR;
				CLANG_WARN_QUOTED_INCLUDE_IN_FRAMEWORK_HEADER = YES;
				CLANG_WARN_RANGE_LOOP_ANALYSIS = YES;
				CLANG_WARN_STRICT_PROTOTYPES = YES;
				CLANG_WARN_SUSPICIOUS_MOVE = YES;
				CLANG_WARN_UNGUARDED_AVAILABILITY = YES_AGGRESSIVE;
				CLANG_WARN_UNREACHABLE_CODE = YES;
				CLANG_WARN__DUPLICATE_METHOD_MATCH = YES;
				COPY_PHASE_STRIP = NO;
				DEBUG_INFORMATION_FORMAT = dwarf;
				ENABLE_STRICT_OBJC_MSGSEND = YES;
				ENABLE_TESTABILITY = YES;
				GCC_C_LANGUAGE_STANDARD = gnu11;
				GCC_DYNAMIC_NO_PIC = NO;
				GCC_NO_COMMON_BLOCKS = YES;
				GCC_OPTIMIZATION_LEVEL = 0;
				GCC_PREPROCESSOR_DEFINITIONS = (
					"DEBUG=1",
					"$(inherited)",
				);
				GCC_WARN_64_TO_32_BIT_CONVERSION = YES;
				GCC_WARN_ABOUT_RETURN_TYPE = YES_ERROR;
				GCC_WARN_UNDECLARED_SELECTOR = YES;
				GCC_WARN_UNINITIALIZED_AUTOS = YES_AGGRESSIVE;
				GCC_WARN_UNUSED_FUNCTION = YES;
				GCC_WARN_UNUSED_VARIABLE = YES;
				IPHONEOS_DEPLOYMENT_TARGET = 14.5;
				MTL_ENABLE_DEBUG_INFO = INCLUDE_SOURCE;
				MTL_FAST_MATH = YES;
				ONLY_ACTIVE_ARCH = YES;
				SDKROOT = iphoneos;
			};
			name = Debug;
		};
		A230709026A6F68E00162839 /* Release */ = {
			isa = XCBuildConfiguration;
			buildSettings = {
				ALWAYS_SEARCH_USER_PATHS = NO;
				CLANG_ANALYZER_NONNULL = YES;
				CLANG_ANALYZER_NUMBER_OBJECT_CONVERSION = YES_AGGRESSIVE;
				CLANG_CXX_LANGUAGE_STANDARD = "gnu++14";
				CLANG_CXX_LIBRARY = "libc++";
				CLANG_ENABLE_MODULES = YES;
				CLANG_ENABLE_OBJC_ARC = YES;
				CLANG_ENABLE_OBJC_WEAK = YES;
				CLANG_WARN_BLOCK_CAPTURE_AUTORELEASING = YES;
				CLANG_WARN_BOOL_CONVERSION = YES;
				CLANG_WARN_COMMA = YES;
				CLANG_WARN_CONSTANT_CONVERSION = YES;
				CLANG_WARN_DEPRECATED_OBJC_IMPLEMENTATIONS = YES;
				CLANG_WARN_DIRECT_OBJC_ISA_USAGE = YES_ERROR;
				CLANG_WARN_DOCUMENTATION_COMMENTS = YES;
				CLANG_WARN_EMPTY_BODY = YES;
				CLANG_WARN_ENUM_CONVERSION = YES;
				CLANG_WARN_INFINITE_RECURSION = YES;
				CLANG_WARN_INT_CONVERSION = YES;
				CLANG_WARN_NON_LITERAL_NULL_CONVERSION = YES;
				CLANG_WARN_OBJC_IMPLICIT_RETAIN_SELF = YES;
				CLANG_WARN_OBJC_LITERAL_CONVERSION = YES;
				CLANG_WARN_OBJC_ROOT_CLASS = YES_ERROR;
				CLANG_WARN_QUOTED_INCLUDE_IN_FRAMEWORK_HEADER = YES;
				CLANG_WARN_RANGE_LOOP_ANALYSIS = YES;
				CLANG_WARN_STRICT_PROTOTYPES = YES;
				CLANG_WARN_SUSPICIOUS_MOVE = YES;
				CLANG_WARN_UNGUARDED_AVAILABILITY = YES_AGGRESSIVE;
				CLANG_WARN_UNREACHABLE_CODE = YES;
				CLANG_WARN__DUPLICATE_METHOD_MATCH = YES;
				COPY_PHASE_STRIP = NO;
				DEBUG_INFORMATION_FORMAT = "dwarf-with-dsym";
				ENABLE_NS_ASSERTIONS = NO;
				ENABLE_STRICT_OBJC_MSGSEND = YES;
				GCC_C_LANGUAGE_STANDARD = gnu11;
				GCC_NO_COMMON_BLOCKS = YES;
				GCC_WARN_64_TO_32_BIT_CONVERSION = YES;
				GCC_WARN_ABOUT_RETURN_TYPE = YES_ERROR;
				GCC_WARN_UNDECLARED_SELECTOR = YES;
				GCC_WARN_UNINITIALIZED_AUTOS = YES_AGGRESSIVE;
				GCC_WARN_UNUSED_FUNCTION = YES;
				GCC_WARN_UNUSED_VARIABLE = YES;
				IPHONEOS_DEPLOYMENT_TARGET = 14.5;
				MTL_ENABLE_DEBUG_INFO = NO;
				MTL_FAST_MATH = YES;
				SDKROOT = iphoneos;
				VALIDATE_PRODUCT = YES;
			};
			name = Release;
		};
		A230709226A6F68E00162839 /* Debug */ = {
			isa = XCBuildConfiguration;
			buildSettings = {
				ASSETCATALOG_COMPILER_APPICON_NAME = AppIcon;
				ASSETCATALOG_COMPILER_GLOBAL_ACCENT_COLOR_NAME = AccentColor;
				CODE_SIGN_STYLE = Automatic;
				DEVELOPMENT_TEAM = D56NG2Q3UR;
				INFOPLIST_FILE = MyFirstApp/Info.plist;
				LD_RUNPATH_SEARCH_PATHS = (
					"$(inherited)",
					"@executable_path/Frameworks",
				);
				PRODUCT_BUNDLE_IDENTIFIER = josejoao.MyFirstApp;
				PRODUCT_NAME = "$(TARGET_NAME)";
				TARGETED_DEVICE_FAMILY = "1,2";
			};
			name = Debug;
		};
		A230709326A6F68E00162839 /* Release */ = {
			isa = XCBuildConfiguration;
			buildSettings = {
				ASSETCATALOG_COMPILER_APPICON_NAME = AppIcon;
				ASSETCATALOG_COMPILER_GLOBAL_ACCENT_COLOR_NAME = AccentColor;
				CODE_SIGN_STYLE = Automatic;
				DEVELOPMENT_TEAM = D56NG2Q3UR;
				INFOPLIST_FILE = MyFirstApp/Info.plist;
				LD_RUNPATH_SEARCH_PATHS = (
					"$(inherited)",
					"@executable_path/Frameworks",
				);
				PRODUCT_BUNDLE_IDENTIFIER = josejoao.MyFirstApp;
				PRODUCT_NAME = "$(TARGET_NAME)";
				TARGETED_DEVICE_FAMILY = "1,2";
			};
			name = Release;
		};
		A230709526A6F68E00162839 /* Debug */ = {
			isa = XCBuildConfiguration;
			buildSettings = {
				BUNDLE_LOADER = "$(TEST_HOST)";
				CODE_SIGN_STYLE = Automatic;
				DEVELOPMENT_TEAM = D56NG2Q3UR;
				INFOPLIST_FILE = MyFirstAppTests/Info.plist;
				IPHONEOS_DEPLOYMENT_TARGET = 14.5;
				LD_RUNPATH_SEARCH_PATHS = (
					"$(inherited)",
					"@executable_path/Frameworks",
					"@loader_path/Frameworks",
				);
				PRODUCT_BUNDLE_IDENTIFIER = josejoao.MyFirstAppTests;
				PRODUCT_NAME = "$(TARGET_NAME)";
				TARGETED_DEVICE_FAMILY = "1,2";
				TEST_HOST = "$(BUILT_PRODUCTS_DIR)/MyFirstApp.app/MyFirstApp";
			};
			name = Debug;
		};
		A230709626A6F68E00162839 /* Release */ = {
			isa = XCBuildConfiguration;
			buildSettings = {
				BUNDLE_LOADER = "$(TEST_HOST)";
				CODE_SIGN_STYLE = Automatic;
				DEVELOPMENT_TEAM = D56NG2Q3UR;
				INFOPLIST_FILE = MyFirstAppTests/Info.plist;
				IPHONEOS_DEPLOYMENT_TARGET = 14.5;
				LD_RUNPATH_SEARCH_PATHS = (
					"$(inherited)",
					"@executable_path/Frameworks",
					"@loader_path/Frameworks",
				);
				PRODUCT_BUNDLE_IDENTIFIER = josejoao.MyFirstAppTests;
				PRODUCT_NAME = "$(TARGET_NAME)";
				TARGETED_DEVICE_FAMILY = "1,2";
				TEST_HOST = "$(BUILT_PRODUCTS_DIR)/MyFirstApp.app/MyFirstApp";
			};
			name = Release;
		};
		A230709826A6F68E00162839 /* Debug */ = {
			isa = XCBuildConfiguration;
			buildSettings = {
				CODE_SIGN_STYLE = Automatic;
				DEVELOPMENT_TEAM = D56NG2Q3UR;
				INFOPLIST_FILE = MyFirstAppUITests/Info.plist;
				LD_RUNPATH_SEARCH_PATHS = (
					"$(inherited)",
					"@executable_path/Frameworks",
					"@loader_path/Frameworks",
				);
				PRODUCT_BUNDLE_IDENTIFIER = josejoao.MyFirstAppUITests;
				PRODUCT_NAME = "$(TARGET_NAME)";
				TARGETED_DEVICE_FAMILY = "1,2";
				TEST_TARGET_NAME = MyFirstApp;
			};
			name = Debug;
		};
		A230709926A6F68E00162839 /* Release */ = {
			isa = XCBuildConfiguration;
			buildSettings = {
				CODE_SIGN_STYLE = Automatic;
				DEVELOPMENT_TEAM = D56NG2Q3UR;
				INFOPLIST_FILE = MyFirstAppUITests/Info.plist;
				LD_RUNPATH_SEARCH_PATHS = (
					"$(inherited)",
					"@executable_path/Frameworks",
					"@loader_path/Frameworks",
				);
				PRODUCT_BUNDLE_IDENTIFIER = josejoao.MyFirstAppUITests;
				PRODUCT_NAME = "$(TARGET_NAME)";
				TARGETED_DEVICE_FAMILY = "1,2";
				TEST_TARGET_NAME = MyFirstApp;
			};
			name = Release;
		};
/* End XCBuildConfiguration section */

/* Begin XCConfigurationList section */
		A230705D26A6F68D00162839 /* Build configuration list for PBXProject "MyFirstApp" */ = {
			isa = XCConfigurationList;
			buildConfigurations = (
				A230708F26A6F68E00162839 /* Debug */,
				A230709026A6F68E00162839 /* Release */,
			);
			defaultConfigurationIsVisible = 0;
			defaultConfigurationName = Release;
		};
		A230709126A6F68E00162839 /* Build configuration list for PBXNativeTarget "MyFirstApp" */ = {
			isa = XCConfigurationList;
			buildConfigurations = (
				A230709226A6F68E00162839 /* Debug */,
				A230709326A6F68E00162839 /* Release */,
			);
			defaultConfigurationIsVisible = 0;
			defaultConfigurationName = Release;
		};
		A230709426A6F68E00162839 /* Build configuration list for PBXNativeTarget "MyFirstAppTests" */ = {
			isa = XCConfigurationList;
			buildConfigurations = (
				A230709526A6F68E00162839 /* Debug */,
				A230709626A6F68E00162839 /* Release */,
			);
			defaultConfigurationIsVisible = 0;
			defaultConfigurationName = Release;
		};
		A230709726A6F68E00162839 /* Build configuration list for PBXNativeTarget "MyFirstAppUITests" */ = {
			isa = XCConfigurationList;
			buildConfigurations = (
				A230709826A6F68E00162839 /* Debug */,
				A230709926A6F68E00162839 /* Release */,
			);
			defaultConfigurationIsVisible = 0;
			defaultConfigurationName = Release;
		};
/* End XCConfigurationList section */
	};
	rootObject = A230705A26A6F68D00162839 /* Project object */;
}
